
Microsoft Visual Studio Solution File, Format Version 12.00
# Visual Studio Version 17
VisualStudioVersion = 17.0.31903.59
MinimumVisualStudioVersion = 10.0.40219.1
Project("{FAE04EC0-301F-11D3-BF4B-00C04F79EFBC}") = "OMKR.Service.HangFire", "src\OMKR.Service.HangFire\OMKR.Service.HangFire.csproj", "{FE826D28-A10B-46FF-87F4-854F9C5C3CBF}"
EndProject
Global
	GlobalSection(SolutionConfigurationPlatforms) = preSolution
		Debug|Any CPU = Debug|Any CPU
		Release|Any CPU = Release|Any CPU
	EndGlobalSection
	GlobalSection(ProjectConfigurationPlatforms) = postSolution
		{FE826D28-A10B-46FF-87F4-854F9C5C3CBF}.Debug|Any CPU.ActiveCfg = Debug|Any CPU
		{FE826D28-A10B-46FF-87F4-854F9C5C3CBF}.Debug|Any CPU.Build.0 = Debug|Any CPU
		{FE826D28-A10B-46FF-87F4-854F9C5C3CBF}.Release|Any CPU.ActiveCfg = Release|Any CPU
		{FE826D28-A10B-46FF-87F4-854F9C5C3CBF}.Release|Any CPU.Build.0 = Release|Any CPU
	EndGlobalSection
	GlobalSection(SolutionProperties) = preSolution
		HideSolutionNode = FALSE
	EndGlobalSection
	GlobalSection(ExtensibilityGlobals) = postSolution
		SolutionGuid = {FE206F6C-B40B-47A3-B6A7-9C120035C1B0}
	EndGlobalSection
EndGlobal
